
Microsoft Visual Studio Solution File, Format Version 12.00
# Visual Studio 15
VisualStudioVersion = 15.0.28307.106
MinimumVisualStudioVersion = 10.0.40219.1
Project("{FAE04EC0-301F-11D3-BF4B-00C04F79EFBC}") = "PJesus-Task", "PJesus-Task.csproj", "{198A8278-DA05-4935-9A72-097FF0BD6AAB}"
EndProject
Project("{FAE04EC0-301F-11D3-BF4B-00C04F79EFBC}") = "PJesus-Task.WF", "..\PJesus-Task.WF\PJesus-Task.WF.csproj", "{31E20E3B-5213-47C5-A69C-E6A1B77A1197}"
EndProject
Global
	GlobalSection(SolutionConfigurationPlatforms) = preSolution
		Debug|Any CPU = Debug|Any CPU
		Release|Any CPU = Release|Any CPU
	EndGlobalSection
	GlobalSection(ProjectConfigurationPlatforms) = postSolution
		{198A8278-DA05-4935-9A72-097FF0BD6AAB}.Debug|Any CPU.ActiveCfg = Debug|Any CPU
		{198A8278-DA05-4935-9A72-097FF0BD6AAB}.Debug|Any CPU.Build.0 = Debug|Any CPU
		{198A8278-DA05-4935-9A72-097FF0BD6AAB}.Release|Any CPU.ActiveCfg = Release|Any CPU
		{198A8278-DA05-4935-9A72-097FF0BD6AAB}.Release|Any CPU.Build.0 = Release|Any CPU
		{31E20E3B-5213-47C5-A69C-E6A1B77A1197}.Debug|Any CPU.ActiveCfg = Debug|Any CPU
		{31E20E3B-5213-47C5-A69C-E6A1B77A1197}.Debug|Any CPU.Build.0 = Debug|Any CPU
		{31E20E3B-5213-47C5-A69C-E6A1B77A1197}.Release|Any CPU.ActiveCfg = Release|Any CPU
		{31E20E3B-5213-47C5-A69C-E6A1B77A1197}.Release|Any CPU.Build.0 = Release|Any CPU
	EndGlobalSection
	GlobalSection(SolutionProperties) = preSolution
		HideSolutionNode = FALSE
	EndGlobalSection
	GlobalSection(ExtensibilityGlobals) = postSolution
		SolutionGuid = {3AA2CA4F-BE36-422C-B4F0-592F218B0193}
	EndGlobalSection
EndGlobal
